
Microsoft Visual Studio Solution File, Format Version 12.00
# Visual Studio Version 17
VisualStudioVersion = 17.7.34031.279
MinimumVisualStudioVersion = 10.0.40219.1
Project("{FAE04EC0-301F-11D3-BF4B-00C04F79EFBC}") = "TestAutomation-Web", "TestAutomation-Web\TestAutomation-Web.csproj", "{F9422BC3-A8A3-4AE0-A6E3-6A8A899B17F8}"
EndProject
Project("{FAE04EC0-301F-11D3-BF4B-00C04F79EFBC}") = "Tests", "Tests\Tests.csproj", "{528B27E1-8D3E-440B-9478-3815720F05BD}"
EndProject
Global
	GlobalSection(SolutionConfigurationPlatforms) = preSolution
		Debug|Any CPU = Debug|Any CPU
		Release|Any CPU = Release|Any CPU
	EndGlobalSection
	GlobalSection(ProjectConfigurationPlatforms) = postSolution
		{F9422BC3-A8A3-4AE0-A6E3-6A8A899B17F8}.Debug|Any CPU.ActiveCfg = Debug|Any CPU
		{F9422BC3-A8A3-4AE0-A6E3-6A8A899B17F8}.Debug|Any CPU.Build.0 = Debug|Any CPU
		{F9422BC3-A8A3-4AE0-A6E3-6A8A899B17F8}.Release|Any CPU.ActiveCfg = Release|Any CPU
		{F9422BC3-A8A3-4AE0-A6E3-6A8A899B17F8}.Release|Any CPU.Build.0 = Release|Any CPU
		{528B27E1-8D3E-440B-9478-3815720F05BD}.Debug|Any CPU.ActiveCfg = Debug|Any CPU
		{528B27E1-8D3E-440B-9478-3815720F05BD}.Debug|Any CPU.Build.0 = Debug|Any CPU
		{528B27E1-8D3E-440B-9478-3815720F05BD}.Release|Any CPU.ActiveCfg = Release|Any CPU
		{528B27E1-8D3E-440B-9478-3815720F05BD}.Release|Any CPU.Build.0 = Release|Any CPU
	EndGlobalSection
	GlobalSection(SolutionProperties) = preSolution
		HideSolutionNode = FALSE
	EndGlobalSection
	GlobalSection(ExtensibilityGlobals) = postSolution
		SolutionGuid = {B2139FF6-0F8A-422B-8B83-CB34E98F77FA}
	EndGlobalSection
EndGlobal
